# This file is automatically @generated by Poetry 1.7.1 and should not be changed by hand.

[[package]]
name = "igraph"
version = "0.10.8"
description = "High performance graph data structures and algorithms"
optional = false
python-versions = ">=3.7"
files = [
    {file = "igraph-0.10.8-cp37-cp37m-macosx_10_9_x86_64.whl", hash = "sha256:5a25bb782bfb1ac1f6d7f5815d1036a3e93bac2b4990edf135a07b4aa8008355"},
    {file = "igraph-0.10.8-cp37-cp37m-manylinux_2_17_aarch64.manylinux2014_aarch64.whl", hash = "sha256:547c2db0cd7bc59e20bcd794e1d53d9778b7950cee0ce9ada79bc61646fbb28a"},
    {file = "igraph-0.10.8-cp37-cp37m-manylinux_2_17_i686.manylinux2014_i686.whl", hash = "sha256:c13c1eb644c20213d93dc9aee3016530ff1a9b9d7e8cf2a4ead3224b8a06e517"},
    {file = "igraph-0.10.8-cp37-cp37m-manylinux_2_17_x86_64.manylinux2014_x86_64.whl", hash = "sha256:4b788969af5bd3bb51eac510cef6ed635d8a194713b46a3c4aa1c7af4b61c008"},
    {file = "igraph-0.10.8-cp37-cp37m-musllinux_1_1_aarch64.whl", hash = "sha256:2e06c95127a3a1accaae70c3e3941d7118d2ae2c69cc5cff2d92cc9f88566780"},
    {file = "igraph-0.10.8-cp37-cp37m-musllinux_1_1_i686.whl", hash = "sha256:2e84717cbffc93561a625c6e9460eeea858f2399f44dda6c1aa3d76186efb75d"},
    {file = "igraph-0.10.8-cp37-cp37m-musllinux_1_1_x86_64.whl", hash = "sha256:7432c99134e0e8efb52d583221fd2cdac1f3955fcf07f720e2b72daec9bcf933"},
    {file = "igraph-0.10.8-cp37-cp37m-win32.whl", hash = "sha256:7e496a31373416ecbae7468cd8a6462034a622b593834684d3e1f166e1562225"},
    {file = "igraph-0.10.8-cp37-cp37m-win_amd64.whl", hash = "sha256:7a4f97e2a1b4aa9cc5e18d18fbc7813c6fae3faa19fcd54323a2fd9e1e2d2c18"},
    {file = "igraph-0.10.8-cp38-cp38-macosx_10_9_x86_64.whl", hash = "sha256:df99402198764a9621f18e561f82b151ab295044d6a595d5a70d7eabfb8e0c5b"},
    {file = "igraph-0.10.8-cp38-cp38-macosx_11_0_arm64.whl", hash = "sha256:275ccbfc0dcc039af3d3f396017c34175f6d49ec62e87837de29c602cbff6585"},
    {file = "igraph-0.10.8-cp38-cp38-manylinux_2_17_aarch64.manylinux2014_aarch64.whl", hash = "sha256:307dad89a4898f621b457268d67d1a6717acaeffc0041bddcdcab38ecca7cc48"},
    {file = "igraph-0.10.8-cp38-cp38-manylinux_2_17_i686.manylinux2014_i686.whl", hash = "sha256:31c492ee77e11677e951c48d727c76fb5caf1e8f8e251329d8fa77c491cb5b13"},
    {file = "igraph-0.10.8-cp38-cp38-manylinux_2_17_x86_64.manylinux2014_x86_64.whl", hash = "sha256:473af40ebae68d522a245b5076164153d4b15eb3d47f31941753a11569441bcc"},
    {file = "igraph-0.10.8-cp38-cp38-musllinux_1_1_aarch64.whl", hash = "sha256:1df0e91843214196e60d0053ee54019da342a5415e828ae71990e662f387fd2a"},
    {file = "igraph-0.10.8-cp38-cp38-musllinux_1_1_i686.whl", hash = "sha256:32118060a9e86533cd108481af23b6d7d8010808775634ae41ece51a0e4d0899"},
    {file = "igraph-0.10.8-cp38-cp38-musllinux_1_1_x86_64.whl", hash = "sha256:14142ba6bbb4cbbc211b2abf42f06b3771bd806836eb101c8a174cf5e175d455"},
    {file = "igraph-0.10.8-cp38-cp38-win32.whl", hash = "sha256:41ce1dd8c4d0e4069c52bf414ddae2bb4a307b6764496905c8985c5d457e1877"},
    {file = "igraph-0.10.8-cp38-cp38-win_amd64.whl", hash = "sha256:84d9c4bccdb3fdba5f2dea33d79a073f01d759ddef37787a29caba45743265ef"},
    {file = "igraph-0.10.8-cp39-abi3-macosx_10_9_x86_64.whl", hash = "sha256:7ee4e9cb183a92524f336399b548d2540f5150ab7ce6a270618709efa9e04c58"},
    {file = "igraph-0.10.8-cp39-abi3-macosx_11_0_arm64.whl", hash = "sha256:42fb6b69de069d0dc66a8606ad486aae19b500b01268cb1e64877ea931bd7ad7"},
    {file = "igraph-0.10.8-cp39-abi3-manylinux_2_17_aarch64.manylinux2014_aarch64.whl", hash = "sha256:03f5ab062e2caa092da901266258193963cc38690964e4c75b5ef2b457b86f35"},
    {file = "igraph-0.10.8-cp39-abi3-manylinux_2_17_i686.manylinux2014_i686.whl", hash = "sha256:00ae729d928d2218822a1f1f07d1286918456f9d587691a4c1c743b2206dadd6"},
    {file = "igraph-0.10.8-cp39-abi3-manylinux_2_17_x86_64.manylinux2014_x86_64.whl", hash = "sha256:89fca31ca33957dae5df4ecf032c08eb1e897cbc5856cdaad52b67c6ace3f074"},
    {file = "igraph-0.10.8-cp39-abi3-musllinux_1_1_aarch64.whl", hash = "sha256:d7bd3455c93486b2f443f6f177792a358540207334b66dc73681d63972e1f1d9"},
    {file = "igraph-0.10.8-cp39-abi3-musllinux_1_1_i686.whl", hash = "sha256:15927b565094bd5d3ec3a89ce4abd6087c3d07bf03dd6d506dd05f2678de963d"},
    {file = "igraph-0.10.8-cp39-abi3-musllinux_1_1_x86_64.whl", hash = "sha256:e5c692fce053ba79b9d4b82b40e092b83a2bd14e04a09871c8e4a68c39932010"},
    {file = "igraph-0.10.8-cp39-abi3-win32.whl", hash = "sha256:3cc8349311d9ffe225f752e093cebf5d21929f1bfa7281e510248706b6516199"},
    {file = "igraph-0.10.8-cp39-abi3-win_amd64.whl", hash = "sha256:88ee0d0ab83481f365ef4e56f9f9e9f70001d90ebd6ed98e368060494481d022"},
    {file = "igraph-0.10.8-pp310-pypy310_pp73-macosx_10_9_x86_64.whl", hash = "sha256:922c85e2c6a29c09b8fadac3c92e0e38eecaaff48b5c569b82cf006409c4ba4a"},
    {file = "igraph-0.10.8-pp310-pypy310_pp73-manylinux_2_17_aarch64.manylinux2014_aarch64.whl", hash = "sha256:e2ce856489ae76ebc286535a64833d141f7ea43a106ba3485cd7ea9bbd47871c"},
    {file = "igraph-0.10.8-pp310-pypy310_pp73-manylinux_2_17_i686.manylinux2014_i686.whl", hash = "sha256:0e5d00251082fe7e4044aa58b153b7f6250dbbff49b97f3c7f2400f31f456456"},
    {file = "igraph-0.10.8-pp310-pypy310_pp73-manylinux_2_17_x86_64.manylinux2014_x86_64.whl", hash = "sha256:5f3e29f89ae9ce5c60ef09a0a5d3ea41aac6bf54cce0110f4e8dfcc782eb4f90"},
    {file = "igraph-0.10.8-pp310-pypy310_pp73-win_amd64.whl", hash = "sha256:27c47695fe37f4cecbbe84c56326c6aed1ef876a62838c995cc7f7dd6fc8d408"},
    {file = "igraph-0.10.8-pp37-pypy37_pp73-macosx_10_9_x86_64.whl", hash = "sha256:9f816bf387fbd9fc31a13271d031ddaf8c0c00da416ebced6701cba7856d7ac1"},
    {file = "igraph-0.10.8-pp37-pypy37_pp73-manylinux_2_17_aarch64.manylinux2014_aarch64.whl", hash = "sha256:fc4021242f00adb150e759692da065bddef5af22afea387cd5a726461946b93b"},
    {file = "igraph-0.10.8-pp37-pypy37_pp73-manylinux_2_17_i686.manylinux2014_i686.whl", hash = "sha256:9b961bf2ddd998308ee54b85fafaeb02e358a548515362d537dfc57b25c3855b"},
    {file = "igraph-0.10.8-pp37-pypy37_pp73-manylinux_2_17_x86_64.manylinux2014_x86_64.whl", hash = "sha256:16ab9181fce33b8f04af99b08a81af45e606a3acd1e128ac61e927aa876d36f2"},
    {file = "igraph-0.10.8-pp37-pypy37_pp73-win_amd64.whl", hash = "sha256:8bde908a00291d32eafe02f502d82a62698cc7740933e3744c1cbd3f848a52ed"},
    {file = "igraph-0.10.8-pp38-pypy38_pp73-macosx_10_9_x86_64.whl", hash = "sha256:06f9e40959ff7760cd426f7c53ee7645ae8d32192899b43c0a6862eb9daee86c"},
    {file = "igraph-0.10.8-pp38-pypy38_pp73-manylinux_2_17_aarch64.manylinux2014_aarch64.whl", hash = "sha256:d1bb61e475dc637f7cb4a9175c79c77ee212374ce1225c7b41f643ed22a5451a"},
    {file = "igraph-0.10.8-pp38-pypy38_pp73-manylinux_2_17_i686.manylinux2014_i686.whl", hash = "sha256:76e4397b9f9f94ef08353e12f335e762a7fd39a72970de11f5bc97e178aea9c5"},
    {file = "igraph-0.10.8-pp38-pypy38_pp73-manylinux_2_17_x86_64.manylinux2014_x86_64.whl", hash = "sha256:4a7c9a210681c7c7b70d35f46da52fed4415049c5557625127bf738434270763"},
    {file = "igraph-0.10.8-pp38-pypy38_pp73-win_amd64.whl", hash = "sha256:a405bdb885e2bd3f213e39ba3ee6e0cd3d1722beeb54afd60051f6b269228b0f"},
    {file = "igraph-0.10.8-pp39-pypy39_pp73-macosx_10_9_x86_64.whl", hash = "sha256:883f99668c78a7e388b00048c1a78048ac01725ea07329c2fdc01759b4cae808"},
    {file = "igraph-0.10.8-pp39-pypy39_pp73-manylinux_2_17_aarch64.manylinux2014_aarch64.whl", hash = "sha256:ccfb1232c72d0eb56876b7e9a8e04fc8158102b73160215b0f5f672c1c8c2588"},
    {file = "igraph-0.10.8-pp39-pypy39_pp73-manylinux_2_17_i686.manylinux2014_i686.whl", hash = "sha256:1b658e128eca02a7402719712d99b3511dd2e45468048cf17bc68401c706b8db"},
    {file = "igraph-0.10.8-pp39-pypy39_pp73-manylinux_2_17_x86_64.manylinux2014_x86_64.whl", hash = "sha256:f32725d6ba54f371e7a626b9eabac873f6ae6f212e6ee35a6c602a64a5b8e865"},
    {file = "igraph-0.10.8-pp39-pypy39_pp73-win_amd64.whl", hash = "sha256:eb9951bd3a35ca17253d47f5e7f5bc3609028f29255bdfd79bbcdbb902568b63"},
    {file = "igraph-0.10.8.tar.gz", hash = "sha256:d3b7893573060d117917e4f2121e524ed849bbf9f9a63a082001e1a4c5225b46"},
]

[package.dependencies]
texttable = ">=1.6.2"

[package.extras]
cairo = ["cairocffi (>=1.2.0)"]
doc = ["Sphinx (>=4.2.0)", "sphinxbootstrap4theme (>=0.6.0)"]
matplotlib = ["matplotlib (>=3.5.0,<3.6.0)"]
plotly = ["plotly (>=5.3.0)"]
plotting = ["cairocffi (>=1.2.0)"]
test = ["Pillow (>=9)", "cairocffi (>=1.2.0)", "matplotlib (>=3.6.0)", "networkx (>=2.5)", "numpy (>=1.19.0)", "pandas (>=1.1.0)", "plotly (>=5.3.0)", "pytest (>=7.0.1)", "pytest-timeout (>=2.1.0)", "scipy (>=1.5.0)"]
test-musl = ["cairocffi (>=1.2.0)", "networkx (>=2.5)", "pytest (>=7.0.1)", "pytest-timeout (>=2.1.0)"]

[[package]]
name = "leidenalg"
version = "0.10.1"
description = "Leiden is a general algorithm for methods of community detection in large networks."
optional = false
python-versions = ">=3.7"
files = [
    {file = "leidenalg-0.10.1-cp37-cp37m-macosx_10_9_x86_64.whl", hash = "sha256:9c4dcd13d58316acdf3cdaeedea205994d18890294eb7e1a99766192485d0bab"},
    {file = "leidenalg-0.10.1-cp37-cp37m-manylinux_2_17_aarch64.manylinux2014_aarch64.whl", hash = "sha256:84b812c6ad30de20375f0d30fee8a22059f79e8f7dfc82370c723f1267b2a238"},
    {file = "leidenalg-0.10.1-cp37-cp37m-manylinux_2_17_i686.manylinux2014_i686.whl", hash = "sha256:56fd202bc311c63dc631e4ec3dc4961aabfdad674bbcffde33fb7decd784fa80"},
    {file = "leidenalg-0.10.1-cp37-cp37m-manylinux_2_17_x86_64.manylinux2014_x86_64.whl", hash = "sha256:6c898dbf718b9d2e61d0c3880fb8b86cea1d894c99da75ecdfb6df3dc3c6b808"},
    {file = "leidenalg-0.10.1-cp37-cp37m-musllinux_1_1_i686.whl", hash = "sha256:cf826eff0ed4148af61039f97e9e6f1be9ac6967dfab7329c50de9663b941d4f"},
    {file = "leidenalg-0.10.1-cp37-cp37m-musllinux_1_1_x86_64.whl", hash = "sha256:6843499521eb0255da121c1b5eff9c97fbf43f92af712eb34a1969d908fbe77f"},
    {file = "leidenalg-0.10.1-cp37-cp37m-win32.whl", hash = "sha256:157e873443549d3f56bd15468e2f630ede6d25cf47426799aa9fc94a88e0042e"},
    {file = "leidenalg-0.10.1-cp37-cp37m-win_amd64.whl", hash = "sha256:4699ee1e26451eebc564a512fcd1f2a90ccb3bffa9c5cde3d766001527fc9684"},
    {file = "leidenalg-0.10.1-cp38-abi3-macosx_10_9_x86_64.whl", hash = "sha256:34b2f2206edce3cff5a56ae29f86c4774d4694f37851cacc846ce6c1fe9dfd9d"},
    {file = "leidenalg-0.10.1-cp38-abi3-macosx_11_0_arm64.whl", hash = "sha256:d9aed1378f4ea4b1f425a1b04728d5cef6f9da9231091e108ad6e9dc9c8df58e"},
    {file = "leidenalg-0.10.1-cp38-abi3-manylinux_2_17_aarch64.manylinux2014_aarch64.whl", hash = "sha256:a290fa0e87a3ac2a6e7a4b8d56bbfb5044066c46ac25328966ce137c291c057c"},
    {file = "leidenalg-0.10.1-cp38-abi3-manylinux_2_17_i686.manylinux2014_i686.whl", hash = "sha256:98b5600640020648a181dae2579ea92dc4138796326bb2aa4fce1d191b4da82b"},
    {file = "leidenalg-0.10.1-cp38-abi3-manylinux_2_17_x86_64.manylinux2014_x86_64.whl", hash = "sha256:bd2288ae6b38349ad30af97e2a9184b372b886afae2ddc672f948ac47ad450f0"},
    {file = "leidenalg-0.10.1-cp38-abi3-musllinux_1_1_i686.whl", hash = "sha256:f6d8597c234ef30fabb22dec7097a735f8109f208c410b230f6391df03dd89ca"},
    {file = "leidenalg-0.10.1-cp38-abi3-musllinux_1_1_x86_64.whl", hash = "sha256:7290660f4d1f74c80214cf9e51dfe8944c43431074d6ae03c163dba40795c81c"},
    {file = "leidenalg-0.10.1-cp38-abi3-win32.whl", hash = "sha256:01a7e05f30367b26a8d9496096b0698b309e22ef31608e127149d20110511dec"},
    {file = "leidenalg-0.10.1-cp38-abi3-win_amd64.whl", hash = "sha256:bfe8c101391435f092032e22d9cd211cc39fca884c0c3c592341ed1e2e137951"},
    {file = "leidenalg-0.10.1-pp310-pypy310_pp73-macosx_10_9_x86_64.whl", hash = "sha256:c7fee2639a471d7cff335d5b02010230e88952e38e20cd8da806843d6497d2f6"},
    {file = "leidenalg-0.10.1-pp310-pypy310_pp73-manylinux_2_17_aarch64.manylinux2014_aarch64.whl", hash = "sha256:4d7c0532ff01dc7c920d06535bb74a3fa50975114e4d438af71f21c297f0f058"},
    {file = "leidenalg-0.10.1-pp310-pypy310_pp73-manylinux_2_17_i686.manylinux2014_i686.whl", hash = "sha256:5a657e5b7bac637ace60917c1b8194155e55c437a2574c724f806d569145dc34"},
    {file = "leidenalg-0.10.1-pp310-pypy310_pp73-manylinux_2_17_x86_64.manylinux2014_x86_64.whl", hash = "sha256:c4866cdc29e411122ac8223000fd1e81e66afcf98de8ed6a8f0d62f7bdb1d1df"},
    {file = "leidenalg-0.10.1-pp37-pypy37_pp73-macosx_10_9_x86_64.whl", hash = "sha256:9c5025cae5d0bef874fff4f3607ffa861ecc4018eb0951417f36d06c01bb441b"},
    {file = "leidenalg-0.10.1-pp37-pypy37_pp73-manylinux_2_17_aarch64.manylinux2014_aarch64.whl", hash = "sha256:7edc5636775ed1ebd195a5e0cebab59a0e7e5d70035344d420fb7eecc8910291"},
    {file = "leidenalg-0.10.1-pp37-pypy37_pp73-manylinux_2_17_i686.manylinux2014_i686.whl", hash = "sha256:29beecb8972d215ee34a1dca05c3def28680d9b0031f4b05ef40017f6d6508fa"},
    {file = "leidenalg-0.10.1-pp37-pypy37_pp73-manylinux_2_17_x86_64.manylinux2014_x86_64.whl", hash = "sha256:3e0054475fd25c22f3aba402aab94b9485c771f6a128b13ee7772cec22e66e99"},
    {file = "leidenalg-0.10.1-pp38-pypy38_pp73-macosx_10_9_x86_64.whl", hash = "sha256:6168f3254e43e7b3c4e344c38ae2d14224beae8983986962397f409dacffa34b"},
    {file = "leidenalg-0.10.1-pp38-pypy38_pp73-manylinux_2_17_aarch64.manylinux2014_aarch64.whl", hash = "sha256:76e55cba50c4d2080ce5f937ea405ff8388ceb20727fce55524cab3b10228fbb"},
    {file = "leidenalg-0.10.1-pp38-pypy38_pp73-manylinux_2_17_i686.manylinux2014_i686.whl", hash = "sha256:4197098f831aba150d88f132e613adad248f9c72e484b10685b849f1187d64d6"},
    {file = "leidenalg-0.10.1-pp38-pypy38_pp73-manylinux_2_17_x86_64.manylinux2014_x86_64.whl", hash = "sha256:21899c291b6cfd3d0dd5331668ee3693b3fb5ac089b337d6847cfbc37090419f"},
    {file = "leidenalg-0.10.1-pp39-pypy39_pp73-macosx_10_9_x86_64.whl", hash = "sha256:21d63e0da7b7666c9a5ee965c66485c337b7d4d98c10465e78d24e7ba44137ea"},
    {file = "leidenalg-0.10.1-pp39-pypy39_pp73-manylinux_2_17_aarch64.manylinux2014_aarch64.whl", hash = "sha256:3916302539581b1bf47b0020e42faf0f28b7ef72745babdfd40d984677f6ce67"},
    {file = "leidenalg-0.10.1-pp39-pypy39_pp73-manylinux_2_17_i686.manylinux2014_i686.whl", hash = "sha256:fee04c11623d52fed65c8a37324dcb9f286f3a5a0c6838977b6aeffd865a30b4"},
    {file = "leidenalg-0.10.1-pp39-pypy39_pp73-manylinux_2_17_x86_64.manylinux2014_x86_64.whl", hash = "sha256:2d975dfec83aceef9c13face7786300dcb5c5e08923a54d5c030883d7f6cb4bc"},
    {file = "leidenalg-0.10.1.tar.gz", hash = "sha256:457ad96982a80bd5c657189f42dfeb77eebcd3b744a110e5a2c1618d2eb80b47"},
]

[package.dependencies]
igraph = ">=0.10.0,<0.11"

[[package]]
name = "networkx"
version = "3.2.1"
description = "Python package for creating and manipulating graphs and networks"
optional = false
python-versions = ">=3.9"
files = [
    {file = "networkx-3.2.1-py3-none-any.whl", hash = "sha256:f18c69adc97877c42332c170849c96cefa91881c99a7cb3e95b7c659ebdc1ec2"},
    {file = "networkx-3.2.1.tar.gz", hash = "sha256:9f1bb5cf3409bf324e0a722c20bdb4c20ee39bf1c30ce8ae499c8502b0b5e0c6"},
]

[package.extras]
default = ["matplotlib (>=3.5)", "numpy (>=1.22)", "pandas (>=1.4)", "scipy (>=1.9,!=1.11.0,!=1.11.1)"]
developer = ["changelist (==0.4)", "mypy (>=1.1)", "pre-commit (>=3.2)", "rtoml"]
doc = ["nb2plots (>=0.7)", "nbconvert (<7.9)", "numpydoc (>=1.6)", "pillow (>=9.4)", "pydata-sphinx-theme (>=0.14)", "sphinx (>=7)", "sphinx-gallery (>=0.14)", "texext (>=0.6.7)"]
extra = ["lxml (>=4.6)", "pydot (>=1.4.2)", "pygraphviz (>=1.11)", "sympy (>=1.10)"]
test = ["pytest (>=7.2)", "pytest-cov (>=4.0)"]

[[package]]
name = "texttable"
version = "1.7.0"
description = "module to create simple ASCII tables"
optional = false
python-versions = "*"
files = [
    {file = "texttable-1.7.0-py2.py3-none-any.whl", hash = "sha256:72227d592c82b3d7f672731ae73e4d1f88cd8e2ef5b075a7a7f01a23a3743917"},
    {file = "texttable-1.7.0.tar.gz", hash = "sha256:2d2068fb55115807d3ac77a4ca68fa48803e84ebb0ee2340f858107a36522638"},
]

[[package]]
name = "tulip-python"
version = "5.7.2"
description = "Large graphs analysis and drawing"
optional = false
python-versions = "*"
files = [
    {file = "tulip_python-5.7.2-cp310-cp310-macosx_10_14_universal2.whl", hash = "sha256:417ab018d460e5e2ca2abdbe4351fa308550a840d6fca4824c51e1b108a699ff"},
    {file = "tulip_python-5.7.2-cp310-cp310-manylinux_2_17_x86_64.manylinux2014_x86_64.whl", hash = "sha256:86fb541b13ce6b03fecd5f94fe1f14b0b733b96c13aa4c27459f7833e530deae"},
    {file = "tulip_python-5.7.2-cp310-cp310-win_amd64.whl", hash = "sha256:0e7b27e8692a7d661673845400942c6d1e0523d95c5598f1769d404c72a453c4"},
    {file = "tulip_python-5.7.2-cp311-cp311-macosx_10_14_universal2.whl", hash = "sha256:dbc003c8d341eea69204ad3cf59fd9cecdc0b06633025e4d301d3c71d27640e9"},
    {file = "tulip_python-5.7.2-cp311-cp311-manylinux_2_17_x86_64.manylinux2014_x86_64.whl", hash = "sha256:4071b821c9a673f38e231713eff941f8564606e9a9e4d8503627187e11861d7e"},
    {file = "tulip_python-5.7.2-cp311-cp311-win_amd64.whl", hash = "sha256:b32727d6e6d9ce99cf1f15da35a21b58c752eeb731ee9643f8a662f3ef5b9cef"},
    {file = "tulip_python-5.7.2-cp37-cp37m-macosx_10_14_x86_64.whl", hash = "sha256:051df567b24c1e235379c54a3d134ca6c96b7424f9aecf93da907fde906e5a08"},
    {file = "tulip_python-5.7.2-cp37-cp37m-manylinux_2_17_x86_64.manylinux2014_x86_64.whl", hash = "sha256:1cd7683d4295fdc18d7d5976a13b92fb1fd5590309c31b145b0f097e6fb024e2"},
    {file = "tulip_python-5.7.2-cp37-cp37m-win_amd64.whl", hash = "sha256:72261f34cdcbb0663efca1de4c273b77a26edf37904929a6509c7e9c6abd407e"},
    {file = "tulip_python-5.7.2-cp38-cp38-macosx_10_14_x86_64.whl", hash = "sha256:255687b959bb81171f23c5705240541cdf1604bc952e7677df8d2c4bcc94bc01"},
    {file = "tulip_python-5.7.2-cp38-cp38-manylinux_2_17_x86_64.manylinux2014_x86_64.whl", hash = "sha256:c5ac18d5b4662621f3a3151e56755fe19f2609ae3499090d83db2b21082ce008"},
    {file = "tulip_python-5.7.2-cp38-cp38-win_amd64.whl", hash = "sha256:cb48638b87340c6141f77ab46f78ff6fe15e55b7bcd0558551c9481756e3cd54"},
    {file = "tulip_python-5.7.2-cp39-cp39-macosx_10_14_x86_64.whl", hash = "sha256:53d7cc35069ad417724db89a2066a01b4efd23bd99f746382d8e93fffd30726a"},
    {file = "tulip_python-5.7.2-cp39-cp39-manylinux_2_17_x86_64.manylinux2014_x86_64.whl", hash = "sha256:871f5cf7784a274ab47659428c4cfcc0d636993bc2c1e51411b7775992515104"},
    {file = "tulip_python-5.7.2-cp39-cp39-win_amd64.whl", hash = "sha256:cda5ff9c68aba34fd1260fec25e590f03563d31bd36b44fa7260904accd2ad9a"},
]

[metadata]
lock-version = "2.0"
python-versions = "^3.11"
content-hash = "b23c04f3ac5e5beecd7269e9e41f8bb3cc960ec5bb2c7055f60a37cfb6cdcbe6"
