# This file is automatically @generated by Poetry 1.7.1 and should not be changed by hand.

[[package]]
name = "igraph"
version = "0.10.0"
description = "High performance graph data structures and algorithms"
optional = false
python-versions = ">=3.7"
files = [
    {file = "igraph-0.10.0-cp37-cp37m-macosx_10_9_x86_64.whl", hash = "sha256:265512d3cf6f4e4d590e0e6ebb1df6e479cf2cc12619985b3d640eddd3d7f4dc"},
    {file = "igraph-0.10.0-cp37-cp37m-manylinux_2_17_aarch64.manylinux2014_aarch64.whl", hash = "sha256:253862768e1402463baf3a354ec94ff0511c7b37693ed02d4fa76f5694b0e762"},
    {file = "igraph-0.10.0-cp37-cp37m-manylinux_2_17_i686.manylinux2014_i686.whl", hash = "sha256:2b375990bc18e9d6a5c669d795dfb661db08d1de66fc7f252d3c06c58f4493b8"},
    {file = "igraph-0.10.0-cp37-cp37m-manylinux_2_17_x86_64.manylinux2014_x86_64.whl", hash = "sha256:c2d1e7a8fb043c25184eb666219e877ca7e56b7de2ef9db411aa7410d405e920"},
    {file = "igraph-0.10.0-cp37-cp37m-musllinux_1_1_aarch64.whl", hash = "sha256:72a2024a6bf789137775b1afe8bd7b0d235d26ea619c1915a6005d57ecd2d103"},
    {file = "igraph-0.10.0-cp37-cp37m-musllinux_1_1_i686.whl", hash = "sha256:06ee20fd8051a98d1cf397d824ce87f2b445ee93822812bfe9b9db4b4e2b248f"},
    {file = "igraph-0.10.0-cp37-cp37m-musllinux_1_1_x86_64.whl", hash = "sha256:c8bd827b1be3889b73fda2e65200a8a6909d65135773ee32291b55238a8f97a3"},
    {file = "igraph-0.10.0-cp37-cp37m-win32.whl", hash = "sha256:dce2f1da2fa42ee46c91c78f6ef56c80f7720717a54592fa902e5121117d2578"},
    {file = "igraph-0.10.0-cp37-cp37m-win_amd64.whl", hash = "sha256:a56cd84f5cb1242ea3bb516e17ebf09c0cc890351e99a97039febb682be7cf18"},
    {file = "igraph-0.10.0-cp38-cp38-macosx_10_9_x86_64.whl", hash = "sha256:a2568e3d6c4003cdc7190db9e72873c4ae85a4c3842312cf51c7efc347e35ec4"},
    {file = "igraph-0.10.0-cp38-cp38-macosx_11_0_arm64.whl", hash = "sha256:5b154c8a0b4a027cd7fd8250f75b3394b605c7de785f1f3a002f38a0a14d8ddc"},
    {file = "igraph-0.10.0-cp38-cp38-manylinux_2_17_aarch64.manylinux2014_aarch64.whl", hash = "sha256:7d5d874d126e4550cd16edda5fef0d38cbe29991e51037882fdeb688eb98a108"},
    {file = "igraph-0.10.0-cp38-cp38-manylinux_2_17_i686.manylinux2014_i686.whl", hash = "sha256:b9daff3c3daafa3c2c5b33f940cdb58af2c7e03d8df4de80d88efd904ac6e766"},
    {file = "igraph-0.10.0-cp38-cp38-manylinux_2_17_x86_64.manylinux2014_x86_64.whl", hash = "sha256:312a2f6812a8569a8de529c02087e1a130097dcb1f3c34ebf6ca047af23b262b"},
    {file = "igraph-0.10.0-cp38-cp38-musllinux_1_1_aarch64.whl", hash = "sha256:d86ddcb7b90ed97d3d08933ac89239a2f7676068ac78d9f11127f57255d2e6ab"},
    {file = "igraph-0.10.0-cp38-cp38-musllinux_1_1_i686.whl", hash = "sha256:16d2f781c2dac191596df1a8fadb5e78f187dad28742acfe1960370f9e5f9290"},
    {file = "igraph-0.10.0-cp38-cp38-musllinux_1_1_x86_64.whl", hash = "sha256:e13786beb548fa442cfe76aa5e72ac10c52fdc6cf5c1c2d6b9ff47d5301527c6"},
    {file = "igraph-0.10.0-cp38-cp38-win32.whl", hash = "sha256:6b472c03305c812851c4a3e0d3f4d19f13f29f0bef9364604daf5dab7ffbf377"},
    {file = "igraph-0.10.0-cp38-cp38-win_amd64.whl", hash = "sha256:7052254ddb8216d46e727e87c66b057ae24a8bbf17bf425572924f4c49b7682e"},
    {file = "igraph-0.10.0-cp39-abi3-macosx_10_9_x86_64.whl", hash = "sha256:32f91acfce0479bb2e754ff05f3884fdafededcdc2bee809bc3b0e21a00c0b78"},
    {file = "igraph-0.10.0-cp39-abi3-macosx_11_0_arm64.whl", hash = "sha256:1ced3a02cc437950eee6ccbbc42a3d5e478f446a567bac3cccf42e95c6662fc2"},
    {file = "igraph-0.10.0-cp39-abi3-manylinux_2_17_aarch64.manylinux2014_aarch64.whl", hash = "sha256:c0d647a02600d793afc6b3846df99e04e2ca804bb0a70d54e5d57b9e8162058b"},
    {file = "igraph-0.10.0-cp39-abi3-manylinux_2_17_i686.manylinux2014_i686.whl", hash = "sha256:e4a28a7522c9cb60a5d5e586a1781684a9371fa6a65b718bd3cda2bca8fbaaeb"},
    {file = "igraph-0.10.0-cp39-abi3-manylinux_2_17_x86_64.manylinux2014_x86_64.whl", hash = "sha256:fcf4e6bfe59f6b2e9119af6ede5c09c6b8251f70ae7a188ad677abb84c1a6e64"},
    {file = "igraph-0.10.0-cp39-abi3-musllinux_1_1_aarch64.whl", hash = "sha256:2a31650e785e74d6e9b414b02c029fc408e333d5a22e0fd6113b2e023d26536f"},
    {file = "igraph-0.10.0-cp39-abi3-musllinux_1_1_i686.whl", hash = "sha256:8b8d18786377a38e815226cc6e30e9581efd710849cf4ea9bff153502125fa07"},
    {file = "igraph-0.10.0-cp39-abi3-musllinux_1_1_x86_64.whl", hash = "sha256:954b8fe107d736ada1c0d9095eb7f2b69ed0dcd2200a26982a942178dd3d139b"},
    {file = "igraph-0.10.0-cp39-abi3-win32.whl", hash = "sha256:1113cfeafdb35fa140db94ff169cae8e6746487f6e30f76f86f71b0c22e1d040"},
    {file = "igraph-0.10.0-cp39-abi3-win_amd64.whl", hash = "sha256:54d6a5c918bd3d2bd2306321d3f489f73e11f2bb531b6c5b2d7bca87517dff02"},
    {file = "igraph-0.10.0-pp37-pypy37_pp73-macosx_10_9_x86_64.whl", hash = "sha256:ba1ba7e590900042a4191959454c3184d7f47cac32c25126d5f875e229a1b4d7"},
    {file = "igraph-0.10.0-pp37-pypy37_pp73-manylinux_2_17_aarch64.manylinux2014_aarch64.whl", hash = "sha256:cb9006fd6a72ec8f2eb25522bd0047654b291de27989db81212c913fcff143ad"},
    {file = "igraph-0.10.0-pp37-pypy37_pp73-manylinux_2_17_i686.manylinux2014_i686.whl", hash = "sha256:8cc7a0e986e1fd4738933e2ddcf117c498452f42d399f3cad8cf0754fc8c7b54"},
    {file = "igraph-0.10.0-pp37-pypy37_pp73-manylinux_2_17_x86_64.manylinux2014_x86_64.whl", hash = "sha256:b8034a9e67c2e7cebaf0179c5d509b0a64297634c8147b2f1e76f0f11ea80e97"},
    {file = "igraph-0.10.0-pp37-pypy37_pp73-win_amd64.whl", hash = "sha256:31d8cf2cfbbd2ced40f3d5dd83523550b87985220f01c387535cf5f2c444f3d7"},
    {file = "igraph-0.10.0-pp38-pypy38_pp73-macosx_10_9_x86_64.whl", hash = "sha256:20d396b7175f2c206d7375057ed598295aa5ae5ca118ef4e8e7f91cde00754b5"},
    {file = "igraph-0.10.0-pp38-pypy38_pp73-manylinux_2_17_aarch64.manylinux2014_aarch64.whl", hash = "sha256:35738005bfcace658ea82fa06f78b823b791e3e3ceb211febd7474be73e478da"},
    {file = "igraph-0.10.0-pp38-pypy38_pp73-manylinux_2_17_i686.manylinux2014_i686.whl", hash = "sha256:f1e0646a824a1263fd06fbd198749331dd5298f8f364c088f2db02016aa608c4"},
    {file = "igraph-0.10.0-pp38-pypy38_pp73-manylinux_2_17_x86_64.manylinux2014_x86_64.whl", hash = "sha256:fe3f9799feadda22e4b3aac0129feeb0fa0276829b03f655ba4aa2c04c579de6"},
    {file = "igraph-0.10.0-pp38-pypy38_pp73-win_amd64.whl", hash = "sha256:7b238f1f4df224c2ac0d38ac743eeb93dd5815e230d7612e1a3b45b2914f2ed5"},
    {file = "igraph-0.10.0-pp39-pypy39_pp73-macosx_10_9_x86_64.whl", hash = "sha256:fe3246e6373f9271aa84c6e6de8f3b1ddf538b6aa67fe379552a88ad075c52ab"},
    {file = "igraph-0.10.0-pp39-pypy39_pp73-manylinux_2_17_aarch64.manylinux2014_aarch64.whl", hash = "sha256:43619dc9d78d66c67734a5e689f945d6f3ac62eaad04bcadbc16b726e622ffb6"},
    {file = "igraph-0.10.0-pp39-pypy39_pp73-manylinux_2_17_i686.manylinux2014_i686.whl", hash = "sha256:9f68d54ff0dafbddb37362501b5a0125edbc27a0e1d3a1aea673aa4d1392485c"},
    {file = "igraph-0.10.0-pp39-pypy39_pp73-manylinux_2_17_x86_64.manylinux2014_x86_64.whl", hash = "sha256:dece8aa79be31c02238a8690b821253b7a541a1fccdb92889b0916ca7256ea98"},
    {file = "igraph-0.10.0-pp39-pypy39_pp73-win_amd64.whl", hash = "sha256:92bb4d5399e0fcf12cc46168faa783c13b1562e1a74bed3b2b82431c4dbdf952"},
    {file = "igraph-0.10.0.tar.gz", hash = "sha256:4a106d06753a0dc17f30e4e2fb7260fba8d1bd2f6d3a56934573e624bc0a7146"},
]

[package.dependencies]
texttable = ">=1.6.2"

[package.extras]
cairo = ["cairocffi (>=1.2.0)"]
doc = ["Sphinx (>=4.2.0)", "sphinxbootstrap4theme (>=0.6.0)"]
matplotlib = ["matplotlib (>=3.3.0)"]
plotly = ["plotly (>=5.3.0)"]
plotting = ["cairocffi (>=1.2.0)"]
test = ["Pillow (>=8,<8.4)", "matplotlib (>=3.3.4)", "networkx (>=2.5)", "numpy (>=1.19.0)", "pandas (>=1.1.0)", "plotly (>=5.3.0)", "pytest (>=7.0.1)", "scipy (>=1.5.0)"]
test-musl = ["networkx (>=2.5)", "pytest (>=7.0.1)"]

[[package]]
name = "leidenalg"
version = "0.10.0"
description = "Leiden is a general algorithm for methods of community detection in large networks."
optional = false
python-versions = ">=3.7"
files = [
    {file = "leidenalg-0.10.0-cp310-cp310-macosx_10_9_x86_64.whl", hash = "sha256:b77fb3ec06ad64ee0272e53b928167397c7269f6eaee6a0a80a54dcb821dbb30"},
    {file = "leidenalg-0.10.0-cp310-cp310-macosx_11_0_arm64.whl", hash = "sha256:0d93d5d778aad806be8b48d2b30fbfa61898cfc95812bcc82abd73b5c00208c6"},
    {file = "leidenalg-0.10.0-cp310-cp310-manylinux_2_17_aarch64.manylinux2014_aarch64.whl", hash = "sha256:48e6231aab959d8b170e0beaea9ea2c130da8ebe130b7a5047ec138f689bd4c6"},
    {file = "leidenalg-0.10.0-cp310-cp310-manylinux_2_17_i686.manylinux2014_i686.whl", hash = "sha256:fc04da11d7ff4ccfb23916ceeeec7a48bc57cd8faa2147a99ceef2c62d383f70"},
    {file = "leidenalg-0.10.0-cp310-cp310-manylinux_2_17_x86_64.manylinux2014_x86_64.whl", hash = "sha256:7f8ea2862040c10ac1a3227192b6d844699f4f90c5bdb5bacb043289ab7736d8"},
    {file = "leidenalg-0.10.0-cp310-cp310-musllinux_1_1_i686.whl", hash = "sha256:6225ab033bba2327247ffe1c9f7e71b74f333601b826b3c3d88d2ec614eb90d9"},
    {file = "leidenalg-0.10.0-cp310-cp310-musllinux_1_1_x86_64.whl", hash = "sha256:22ab1fe6bcd776d6085e0d7da4e1b31f5a5beb27d4047485fde90604e7e85a04"},
    {file = "leidenalg-0.10.0-cp310-cp310-win32.whl", hash = "sha256:327d2ff1766dedb9740e9d40c6c6f0cad414999f935e958b9458b2d64e4cee4a"},
    {file = "leidenalg-0.10.0-cp310-cp310-win_amd64.whl", hash = "sha256:78c4d1cb7632927d006eb8c7f46f9926d93b978bc9a6f14a5cecc026a22becf3"},
    {file = "leidenalg-0.10.0-cp311-cp311-macosx_10_9_x86_64.whl", hash = "sha256:94c46ccb61580221cbdcfe60afe6902af2c8034b95405e6fa22969a4458706a5"},
    {file = "leidenalg-0.10.0-cp311-cp311-macosx_11_0_arm64.whl", hash = "sha256:ae35199a11acc814384d1c9cdcf32f49973bfb78827f65a4ea4fbcc79d465602"},
    {file = "leidenalg-0.10.0-cp311-cp311-manylinux_2_17_aarch64.manylinux2014_aarch64.whl", hash = "sha256:65032bfbb8cb9f7c6c295e7b48eac72ee96c54eacbd08a7179ad4209ca4559df"},
    {file = "leidenalg-0.10.0-cp311-cp311-manylinux_2_17_i686.manylinux2014_i686.whl", hash = "sha256:aabaadf7c041c1f7057f5c3718eec62e2a16763de042ab37ee6fdeffada8a2df"},
    {file = "leidenalg-0.10.0-cp311-cp311-manylinux_2_17_x86_64.manylinux2014_x86_64.whl", hash = "sha256:9b8e349348027a61220cf274bc2ded565765e9c9319a1668d94ec4c010d6afbc"},
    {file = "leidenalg-0.10.0-cp311-cp311-musllinux_1_1_i686.whl", hash = "sha256:456678406b39e17086c7a354137fe6763bf3c798d03e75dbf4b4288a355004f3"},
    {file = "leidenalg-0.10.0-cp311-cp311-musllinux_1_1_x86_64.whl", hash = "sha256:551141731c5ea7493a8c7388df01ceda964ff2b36789b198c54f75d500ffbafa"},
    {file = "leidenalg-0.10.0-cp311-cp311-win32.whl", hash = "sha256:088c40ca914579171cc695657f955d4d3b6c130f631414c6dd03e2bd0f530520"},
    {file = "leidenalg-0.10.0-cp311-cp311-win_amd64.whl", hash = "sha256:219d0bec1cfdbbaa7e558c4f7bac7ad862f0f1a37e4621e0ac887f695bcdb7ab"},
    {file = "leidenalg-0.10.0-cp37-cp37m-macosx_10_9_x86_64.whl", hash = "sha256:fc142373cf824fb280acb50426f2af70c9d0b938739ff8362ffce4562f7c08a7"},
    {file = "leidenalg-0.10.0-cp37-cp37m-manylinux_2_17_aarch64.manylinux2014_aarch64.whl", hash = "sha256:e1b34cabfa1d760d8ace0a31babc2bb8947c8e27a89bb7935efd676835c656c8"},
    {file = "leidenalg-0.10.0-cp37-cp37m-manylinux_2_17_i686.manylinux2014_i686.whl", hash = "sha256:9afa3821f40e1f874aa11913f78fae8b567e8e5b53750ce337596ef2e7250b04"},
    {file = "leidenalg-0.10.0-cp37-cp37m-manylinux_2_17_x86_64.manylinux2014_x86_64.whl", hash = "sha256:9587bea15af37a4a8e77e1565ac0ba7ddfbe43d7787632c7c0651807d28b21fe"},
    {file = "leidenalg-0.10.0-cp37-cp37m-musllinux_1_1_i686.whl", hash = "sha256:27791609182579caa2aae6d9565cc2c6869a6d5e31a94b078ed4d5c91842244c"},
    {file = "leidenalg-0.10.0-cp37-cp37m-musllinux_1_1_x86_64.whl", hash = "sha256:8d39d72c606785ef4e590321ce71248bb42f2fae1ce8648d518a0d0aaa4dea50"},
    {file = "leidenalg-0.10.0-cp37-cp37m-win32.whl", hash = "sha256:dee719e746bef32ffb4e3f1f91e228bf2a4633a4aa8944f265503fd7266daa22"},
    {file = "leidenalg-0.10.0-cp37-cp37m-win_amd64.whl", hash = "sha256:4f3fb70ac974b1a48930b1a2c391c6fa3b14d3ebae4e729399e17830a70dd5af"},
    {file = "leidenalg-0.10.0-cp38-cp38-macosx_10_9_x86_64.whl", hash = "sha256:3f4da197c5736b9f43c05e30bbc659d107d3cceb8ab17fb0841e10f0a8f41508"},
    {file = "leidenalg-0.10.0-cp38-cp38-macosx_11_0_arm64.whl", hash = "sha256:73f46026abedfca9c3361d9226f9ba1b39afa979e8c42b9d514041d6333858f7"},
    {file = "leidenalg-0.10.0-cp38-cp38-manylinux_2_17_aarch64.manylinux2014_aarch64.whl", hash = "sha256:d30d382413844522c7bcaae6cd8352dc862a3b4664ec8429d7b6a529f3f1e6eb"},
    {file = "leidenalg-0.10.0-cp38-cp38-manylinux_2_17_i686.manylinux2014_i686.whl", hash = "sha256:e1adaf64ed0f96667c9fe35987e087c0d42c22809c4a5e9ae2b8a816be54187b"},
    {file = "leidenalg-0.10.0-cp38-cp38-manylinux_2_17_x86_64.manylinux2014_x86_64.whl", hash = "sha256:dcd48e6828e5b25af4d90e30717a8323871e27522fc0d02aa9a68aafe1c5feec"},
    {file = "leidenalg-0.10.0-cp38-cp38-musllinux_1_1_i686.whl", hash = "sha256:0180d828451185dd1e9390b2b7c41149bcb233fb9d8eeaad6e427fd722bfcd54"},
    {file = "leidenalg-0.10.0-cp38-cp38-musllinux_1_1_x86_64.whl", hash = "sha256:da28040575833930e279057d229d4685beebcdd1c8f098f7782365c2e3638335"},
    {file = "leidenalg-0.10.0-cp38-cp38-win32.whl", hash = "sha256:f12645725b2aada8f6bbe0531d3ba0a8a73cd748b93b49e10d4f5bcbf70b0931"},
    {file = "leidenalg-0.10.0-cp38-cp38-win_amd64.whl", hash = "sha256:f5844b899df392f228ab0fa1506ec1c15d53431b48a23477f5e4b78f05f94988"},
    {file = "leidenalg-0.10.0-cp39-cp39-macosx_10_9_x86_64.whl", hash = "sha256:8e904400c1ef14e1b9009036f773e744cde9c8a9079ea4327b70cb00a9f5fdf9"},
    {file = "leidenalg-0.10.0-cp39-cp39-macosx_11_0_arm64.whl", hash = "sha256:1065280561e54f5b0629efd3c020da5b1bb9aedb3053f1076bae18f00a7c8d0b"},
    {file = "leidenalg-0.10.0-cp39-cp39-manylinux_2_17_aarch64.manylinux2014_aarch64.whl", hash = "sha256:1c5659ab350f864d9aaca4176bf3ebc9606c70d18adb6d601bd495048590406b"},
    {file = "leidenalg-0.10.0-cp39-cp39-manylinux_2_17_i686.manylinux2014_i686.whl", hash = "sha256:c9550529c762be61010caae491903009dddc94e0b273a6905e7e311c9d84a8dc"},
    {file = "leidenalg-0.10.0-cp39-cp39-manylinux_2_17_x86_64.manylinux2014_x86_64.whl", hash = "sha256:cc6967b53ce27e3df572864a4ea13ba2d299bebe78da2ef07176b17d5bc16fb6"},
    {file = "leidenalg-0.10.0-cp39-cp39-musllinux_1_1_i686.whl", hash = "sha256:de12bf6bad17fa7764962e3be922fe57e9d6f164c0587b1b403fe8b0a91820c4"},
    {file = "leidenalg-0.10.0-cp39-cp39-musllinux_1_1_x86_64.whl", hash = "sha256:4778dc92254c88113a27a16134d62a2f8d94e7a1c5a4e10462818a8525b6f0e2"},
    {file = "leidenalg-0.10.0-cp39-cp39-win32.whl", hash = "sha256:a4fe506b5f30e464c2b7298da7ceadb55c5aa79a41a7fefe4b5f3ee8151a7165"},
    {file = "leidenalg-0.10.0-cp39-cp39-win_amd64.whl", hash = "sha256:21e344a8b9b27d80bb94e7ad6744cb4b931a793a866b27c14cec3eec5035aa66"},
    {file = "leidenalg-0.10.0-pp37-pypy37_pp73-macosx_10_9_x86_64.whl", hash = "sha256:5aaf3bfdbe43c1d8e62565f8afaccc95f6d8880f1caab8d460f60fb382bf23ee"},
    {file = "leidenalg-0.10.0-pp37-pypy37_pp73-manylinux_2_17_aarch64.manylinux2014_aarch64.whl", hash = "sha256:c02bd0868da5fd8655a6c84533ec54e734cc6945871846f77917878b00846b27"},
    {file = "leidenalg-0.10.0-pp37-pypy37_pp73-manylinux_2_17_i686.manylinux2014_i686.whl", hash = "sha256:a5d5f55ab71c2afda8fa0d859944661c8c6eaa8d65c9d68e6195fdd72fb6ab7c"},
    {file = "leidenalg-0.10.0-pp37-pypy37_pp73-manylinux_2_17_x86_64.manylinux2014_x86_64.whl", hash = "sha256:38a1ca89317bc366bbbde10c00f7fa810eb320ebecbb27ed22b057d1a3c021ae"},
    {file = "leidenalg-0.10.0-pp38-pypy38_pp73-macosx_10_9_x86_64.whl", hash = "sha256:c9b71ba45b93e489478895232d9d15bbce9d80e48386ef04558e2eb5f2f79965"},
    {file = "leidenalg-0.10.0-pp38-pypy38_pp73-manylinux_2_17_aarch64.manylinux2014_aarch64.whl", hash = "sha256:c57b9a996cfd871156c6dcd66730c81e2d70fd6952ed2773dcb06ee77422a45a"},
    {file = "leidenalg-0.10.0-pp38-pypy38_pp73-manylinux_2_17_i686.manylinux2014_i686.whl", hash = "sha256:bc998ba0bc1590bd1e4455cfd2d1cdb7157379aad0c99bcf70e5678ec012cc7f"},
    {file = "leidenalg-0.10.0-pp38-pypy38_pp73-manylinux_2_17_x86_64.manylinux2014_x86_64.whl", hash = "sha256:aebc6ee109a12d6d91129cc6900feef90ddb484b72267a4e987d7b2103ce587d"},
    {file = "leidenalg-0.10.0-pp39-pypy39_pp73-macosx_10_9_x86_64.whl", hash = "sha256:42efdd55916a22e199934f1c6d22c3050904220d6825788e16bdc36862411fc4"},
    {file = "leidenalg-0.10.0-pp39-pypy39_pp73-manylinux_2_17_aarch64.manylinux2014_aarch64.whl", hash = "sha256:9548dcdaffad0564f788527e156df79661ecc75685663e5cd834fc12b45dbbc8"},
    {file = "leidenalg-0.10.0-pp39-pypy39_pp73-manylinux_2_17_i686.manylinux2014_i686.whl", hash = "sha256:5f714119e8446d300bae08e51d9a829c7a23fef65523c989e2aa01c01fe72ac3"},
    {file = "leidenalg-0.10.0-pp39-pypy39_pp73-manylinux_2_17_x86_64.manylinux2014_x86_64.whl", hash = "sha256:f661ead7378ae0b919bf19edf91c5c3dd731469a53074ba4989fe5ad49dbbee0"},
    {file = "leidenalg-0.10.0.tar.gz", hash = "sha256:a3829dceb3d9198a0489891d471f2abe8ffd5a3e8ddc8c298543d16caa8d7f19"},
]

[package.dependencies]
igraph = ">=0.10.0,<0.11"

[[package]]
name = "networkx"
version = "3.2.1"
description = "Python package for creating and manipulating graphs and networks"
optional = false
python-versions = ">=3.9"
files = [
    {file = "networkx-3.2.1-py3-none-any.whl", hash = "sha256:f18c69adc97877c42332c170849c96cefa91881c99a7cb3e95b7c659ebdc1ec2"},
    {file = "networkx-3.2.1.tar.gz", hash = "sha256:9f1bb5cf3409bf324e0a722c20bdb4c20ee39bf1c30ce8ae499c8502b0b5e0c6"},
]

[package.extras]
default = ["matplotlib (>=3.5)", "numpy (>=1.22)", "pandas (>=1.4)", "scipy (>=1.9,!=1.11.0,!=1.11.1)"]
developer = ["changelist (==0.4)", "mypy (>=1.1)", "pre-commit (>=3.2)", "rtoml"]
doc = ["nb2plots (>=0.7)", "nbconvert (<7.9)", "numpydoc (>=1.6)", "pillow (>=9.4)", "pydata-sphinx-theme (>=0.14)", "sphinx (>=7)", "sphinx-gallery (>=0.14)", "texext (>=0.6.7)"]
extra = ["lxml (>=4.6)", "pydot (>=1.4.2)", "pygraphviz (>=1.11)", "sympy (>=1.10)"]
test = ["pytest (>=7.2)", "pytest-cov (>=4.0)"]

[[package]]
name = "numpy"
version = "1.26.3"
description = "Fundamental package for array computing in Python"
optional = false
python-versions = ">=3.9"
files = [
    {file = "numpy-1.26.3-cp310-cp310-macosx_10_9_x86_64.whl", hash = "sha256:806dd64230dbbfaca8a27faa64e2f414bf1c6622ab78cc4264f7f5f028fee3bf"},
    {file = "numpy-1.26.3-cp310-cp310-macosx_11_0_arm64.whl", hash = "sha256:02f98011ba4ab17f46f80f7f8f1c291ee7d855fcef0a5a98db80767a468c85cd"},
    {file = "numpy-1.26.3-cp310-cp310-manylinux_2_17_aarch64.manylinux2014_aarch64.whl", hash = "sha256:6d45b3ec2faed4baca41c76617fcdcfa4f684ff7a151ce6fc78ad3b6e85af0a6"},
    {file = "numpy-1.26.3-cp310-cp310-manylinux_2_17_x86_64.manylinux2014_x86_64.whl", hash = "sha256:bdd2b45bf079d9ad90377048e2747a0c82351989a2165821f0c96831b4a2a54b"},
    {file = "numpy-1.26.3-cp310-cp310-musllinux_1_1_aarch64.whl", hash = "sha256:211ddd1e94817ed2d175b60b6374120244a4dd2287f4ece45d49228b4d529178"},
    {file = "numpy-1.26.3-cp310-cp310-musllinux_1_1_x86_64.whl", hash = "sha256:b1240f767f69d7c4c8a29adde2310b871153df9b26b5cb2b54a561ac85146485"},
    {file = "numpy-1.26.3-cp310-cp310-win32.whl", hash = "sha256:21a9484e75ad018974a2fdaa216524d64ed4212e418e0a551a2d83403b0531d3"},
    {file = "numpy-1.26.3-cp310-cp310-win_amd64.whl", hash = "sha256:9e1591f6ae98bcfac2a4bbf9221c0b92ab49762228f38287f6eeb5f3f55905ce"},
    {file = "numpy-1.26.3-cp311-cp311-macosx_10_9_x86_64.whl", hash = "sha256:b831295e5472954104ecb46cd98c08b98b49c69fdb7040483aff799a755a7374"},
    {file = "numpy-1.26.3-cp311-cp311-macosx_11_0_arm64.whl", hash = "sha256:9e87562b91f68dd8b1c39149d0323b42e0082db7ddb8e934ab4c292094d575d6"},
    {file = "numpy-1.26.3-cp311-cp311-manylinux_2_17_aarch64.manylinux2014_aarch64.whl", hash = "sha256:8c66d6fec467e8c0f975818c1796d25c53521124b7cfb760114be0abad53a0a2"},
    {file = "numpy-1.26.3-cp311-cp311-manylinux_2_17_x86_64.manylinux2014_x86_64.whl", hash = "sha256:f25e2811a9c932e43943a2615e65fc487a0b6b49218899e62e426e7f0a57eeda"},
    {file = "numpy-1.26.3-cp311-cp311-musllinux_1_1_aarch64.whl", hash = "sha256:af36e0aa45e25c9f57bf684b1175e59ea05d9a7d3e8e87b7ae1a1da246f2767e"},
    {file = "numpy-1.26.3-cp311-cp311-musllinux_1_1_x86_64.whl", hash = "sha256:51c7f1b344f302067b02e0f5b5d2daa9ed4a721cf49f070280ac202738ea7f00"},
    {file = "numpy-1.26.3-cp311-cp311-win32.whl", hash = "sha256:7ca4f24341df071877849eb2034948459ce3a07915c2734f1abb4018d9c49d7b"},
    {file = "numpy-1.26.3-cp311-cp311-win_amd64.whl", hash = "sha256:39763aee6dfdd4878032361b30b2b12593fb445ddb66bbac802e2113eb8a6ac4"},
    {file = "numpy-1.26.3-cp312-cp312-macosx_10_9_x86_64.whl", hash = "sha256:a7081fd19a6d573e1a05e600c82a1c421011db7935ed0d5c483e9dd96b99cf13"},
    {file = "numpy-1.26.3-cp312-cp312-macosx_11_0_arm64.whl", hash = "sha256:12c70ac274b32bc00c7f61b515126c9205323703abb99cd41836e8125ea0043e"},
    {file = "numpy-1.26.3-cp312-cp312-manylinux_2_17_aarch64.manylinux2014_aarch64.whl", hash = "sha256:7f784e13e598e9594750b2ef6729bcd5a47f6cfe4a12cca13def35e06d8163e3"},
    {file = "numpy-1.26.3-cp312-cp312-manylinux_2_17_x86_64.manylinux2014_x86_64.whl", hash = "sha256:5f24750ef94d56ce6e33e4019a8a4d68cfdb1ef661a52cdaee628a56d2437419"},
    {file = "numpy-1.26.3-cp312-cp312-musllinux_1_1_aarch64.whl", hash = "sha256:77810ef29e0fb1d289d225cabb9ee6cf4d11978a00bb99f7f8ec2132a84e0166"},
    {file = "numpy-1.26.3-cp312-cp312-musllinux_1_1_x86_64.whl", hash = "sha256:8ed07a90f5450d99dad60d3799f9c03c6566709bd53b497eb9ccad9a55867f36"},
    {file = "numpy-1.26.3-cp312-cp312-win32.whl", hash = "sha256:f73497e8c38295aaa4741bdfa4fda1a5aedda5473074369eca10626835445511"},
    {file = "numpy-1.26.3-cp312-cp312-win_amd64.whl", hash = "sha256:da4b0c6c699a0ad73c810736303f7fbae483bcb012e38d7eb06a5e3b432c981b"},
    {file = "numpy-1.26.3-cp39-cp39-macosx_10_9_x86_64.whl", hash = "sha256:1666f634cb3c80ccbd77ec97bc17337718f56d6658acf5d3b906ca03e90ce87f"},
    {file = "numpy-1.26.3-cp39-cp39-macosx_11_0_arm64.whl", hash = "sha256:18c3319a7d39b2c6a9e3bb75aab2304ab79a811ac0168a671a62e6346c29b03f"},
    {file = "numpy-1.26.3-cp39-cp39-manylinux_2_17_aarch64.manylinux2014_aarch64.whl", hash = "sha256:0b7e807d6888da0db6e7e75838444d62495e2b588b99e90dd80c3459594e857b"},
    {file = "numpy-1.26.3-cp39-cp39-manylinux_2_17_x86_64.manylinux2014_x86_64.whl", hash = "sha256:b4d362e17bcb0011738c2d83e0a65ea8ce627057b2fdda37678f4374a382a137"},
    {file = "numpy-1.26.3-cp39-cp39-musllinux_1_1_aarch64.whl", hash = "sha256:b8c275f0ae90069496068c714387b4a0eba5d531aace269559ff2b43655edd58"},
    {file = "numpy-1.26.3-cp39-cp39-musllinux_1_1_x86_64.whl", hash = "sha256:cc0743f0302b94f397a4a65a660d4cd24267439eb16493fb3caad2e4389bccbb"},
    {file = "numpy-1.26.3-cp39-cp39-win32.whl", hash = "sha256:9bc6d1a7f8cedd519c4b7b1156d98e051b726bf160715b769106661d567b3f03"},
    {file = "numpy-1.26.3-cp39-cp39-win_amd64.whl", hash = "sha256:867e3644e208c8922a3be26fc6bbf112a035f50f0a86497f98f228c50c607bb2"},
    {file = "numpy-1.26.3-pp39-pypy39_pp73-macosx_10_9_x86_64.whl", hash = "sha256:3c67423b3703f8fbd90f5adaa37f85b5794d3366948efe9a5190a5f3a83fc34e"},
    {file = "numpy-1.26.3-pp39-pypy39_pp73-manylinux_2_17_x86_64.manylinux2014_x86_64.whl", hash = "sha256:46f47ee566d98849323f01b349d58f2557f02167ee301e5e28809a8c0e27a2d0"},
    {file = "numpy-1.26.3-pp39-pypy39_pp73-win_amd64.whl", hash = "sha256:a8474703bffc65ca15853d5fd4d06b18138ae90c17c8d12169968e998e448bb5"},
    {file = "numpy-1.26.3.tar.gz", hash = "sha256:697df43e2b6310ecc9d95f05d5ef20eacc09c7c4ecc9da3f235d39e71b7da1e4"},
]

[[package]]
name = "pandas"
version = "2.1.4"
description = "Powerful data structures for data analysis, time series, and statistics"
optional = false
python-versions = ">=3.9"
files = [
    {file = "pandas-2.1.4-cp310-cp310-macosx_10_9_x86_64.whl", hash = "sha256:bdec823dc6ec53f7a6339a0e34c68b144a7a1fd28d80c260534c39c62c5bf8c9"},
    {file = "pandas-2.1.4-cp310-cp310-macosx_11_0_arm64.whl", hash = "sha256:294d96cfaf28d688f30c918a765ea2ae2e0e71d3536754f4b6de0ea4a496d034"},
    {file = "pandas-2.1.4-cp310-cp310-manylinux_2_17_aarch64.manylinux2014_aarch64.whl", hash = "sha256:6b728fb8deba8905b319f96447a27033969f3ea1fea09d07d296c9030ab2ed1d"},
    {file = "pandas-2.1.4-cp310-cp310-manylinux_2_17_x86_64.manylinux2014_x86_64.whl", hash = "sha256:00028e6737c594feac3c2df15636d73ace46b8314d236100b57ed7e4b9ebe8d9"},
    {file = "pandas-2.1.4-cp310-cp310-musllinux_1_1_x86_64.whl", hash = "sha256:426dc0f1b187523c4db06f96fb5c8d1a845e259c99bda74f7de97bd8a3bb3139"},
    {file = "pandas-2.1.4-cp310-cp310-win_amd64.whl", hash = "sha256:f237e6ca6421265643608813ce9793610ad09b40154a3344a088159590469e46"},
    {file = "pandas-2.1.4-cp311-cp311-macosx_10_9_x86_64.whl", hash = "sha256:b7d852d16c270e4331f6f59b3e9aa23f935f5c4b0ed2d0bc77637a8890a5d092"},
    {file = "pandas-2.1.4-cp311-cp311-macosx_11_0_arm64.whl", hash = "sha256:bd7d5f2f54f78164b3d7a40f33bf79a74cdee72c31affec86bfcabe7e0789821"},
    {file = "pandas-2.1.4-cp311-cp311-manylinux_2_17_aarch64.manylinux2014_aarch64.whl", hash = "sha256:0aa6e92e639da0d6e2017d9ccff563222f4eb31e4b2c3cf32a2a392fc3103c0d"},
    {file = "pandas-2.1.4-cp311-cp311-manylinux_2_17_x86_64.manylinux2014_x86_64.whl", hash = "sha256:d797591b6846b9db79e65dc2d0d48e61f7db8d10b2a9480b4e3faaddc421a171"},
    {file = "pandas-2.1.4-cp311-cp311-musllinux_1_1_x86_64.whl", hash = "sha256:d2d3e7b00f703aea3945995ee63375c61b2e6aa5aa7871c5d622870e5e137623"},
    {file = "pandas-2.1.4-cp311-cp311-win_amd64.whl", hash = "sha256:dc9bf7ade01143cddc0074aa6995edd05323974e6e40d9dbde081021ded8510e"},
    {file = "pandas-2.1.4-cp312-cp312-macosx_10_9_x86_64.whl", hash = "sha256:482d5076e1791777e1571f2e2d789e940dedd927325cc3cb6d0800c6304082f6"},
    {file = "pandas-2.1.4-cp312-cp312-macosx_11_0_arm64.whl", hash = "sha256:8a706cfe7955c4ca59af8c7a0517370eafbd98593155b48f10f9811da440248b"},
    {file = "pandas-2.1.4-cp312-cp312-manylinux_2_17_aarch64.manylinux2014_aarch64.whl", hash = "sha256:b0513a132a15977b4a5b89aabd304647919bc2169eac4c8536afb29c07c23540"},
    {file = "pandas-2.1.4-cp312-cp312-manylinux_2_17_x86_64.manylinux2014_x86_64.whl", hash = "sha256:e9f17f2b6fc076b2a0078862547595d66244db0f41bf79fc5f64a5c4d635bead"},
    {file = "pandas-2.1.4-cp312-cp312-musllinux_1_1_x86_64.whl", hash = "sha256:45d63d2a9b1b37fa6c84a68ba2422dc9ed018bdaa668c7f47566a01188ceeec1"},
    {file = "pandas-2.1.4-cp312-cp312-win_amd64.whl", hash = "sha256:f69b0c9bb174a2342818d3e2778584e18c740d56857fc5cdb944ec8bbe4082cf"},
    {file = "pandas-2.1.4-cp39-cp39-macosx_10_9_x86_64.whl", hash = "sha256:3f06bda01a143020bad20f7a85dd5f4a1600112145f126bc9e3e42077c24ef34"},
    {file = "pandas-2.1.4-cp39-cp39-macosx_11_0_arm64.whl", hash = "sha256:ab5796839eb1fd62a39eec2916d3e979ec3130509930fea17fe6f81e18108f6a"},
    {file = "pandas-2.1.4-cp39-cp39-manylinux_2_17_aarch64.manylinux2014_aarch64.whl", hash = "sha256:edbaf9e8d3a63a9276d707b4d25930a262341bca9874fcb22eff5e3da5394732"},
    {file = "pandas-2.1.4-cp39-cp39-manylinux_2_17_x86_64.manylinux2014_x86_64.whl", hash = "sha256:1ebfd771110b50055712b3b711b51bee5d50135429364d0498e1213a7adc2be8"},
    {file = "pandas-2.1.4-cp39-cp39-musllinux_1_1_x86_64.whl", hash = "sha256:8ea107e0be2aba1da619cc6ba3f999b2bfc9669a83554b1904ce3dd9507f0860"},
    {file = "pandas-2.1.4-cp39-cp39-win_amd64.whl", hash = "sha256:d65148b14788b3758daf57bf42725caa536575da2b64df9964c563b015230984"},
    {file = "pandas-2.1.4.tar.gz", hash = "sha256:fcb68203c833cc735321512e13861358079a96c174a61f5116a1de89c58c0ef7"},
]

[package.dependencies]
numpy = [
    {version = ">=1.22.4,<2", markers = "python_version < \"3.11\""},
    {version = ">=1.23.2,<2", markers = "python_version == \"3.11\""},
    {version = ">=1.26.0,<2", markers = "python_version >= \"3.12\""},
]
python-dateutil = ">=2.8.2"
pytz = ">=2020.1"
tzdata = ">=2022.1"

[package.extras]
all = ["PyQt5 (>=5.15.6)", "SQLAlchemy (>=1.4.36)", "beautifulsoup4 (>=4.11.1)", "bottleneck (>=1.3.4)", "dataframe-api-compat (>=0.1.7)", "fastparquet (>=0.8.1)", "fsspec (>=2022.05.0)", "gcsfs (>=2022.05.0)", "html5lib (>=1.1)", "hypothesis (>=6.46.1)", "jinja2 (>=3.1.2)", "lxml (>=4.8.0)", "matplotlib (>=3.6.1)", "numba (>=0.55.2)", "numexpr (>=2.8.0)", "odfpy (>=1.4.1)", "openpyxl (>=3.0.10)", "pandas-gbq (>=0.17.5)", "psycopg2 (>=2.9.3)", "pyarrow (>=7.0.0)", "pymysql (>=1.0.2)", "pyreadstat (>=1.1.5)", "pytest (>=7.3.2)", "pytest-xdist (>=2.2.0)", "pyxlsb (>=1.0.9)", "qtpy (>=2.2.0)", "s3fs (>=2022.05.0)", "scipy (>=1.8.1)", "tables (>=3.7.0)", "tabulate (>=0.8.10)", "xarray (>=2022.03.0)", "xlrd (>=2.0.1)", "xlsxwriter (>=3.0.3)", "zstandard (>=0.17.0)"]
aws = ["s3fs (>=2022.05.0)"]
clipboard = ["PyQt5 (>=5.15.6)", "qtpy (>=2.2.0)"]
compression = ["zstandard (>=0.17.0)"]
computation = ["scipy (>=1.8.1)", "xarray (>=2022.03.0)"]
consortium-standard = ["dataframe-api-compat (>=0.1.7)"]
excel = ["odfpy (>=1.4.1)", "openpyxl (>=3.0.10)", "pyxlsb (>=1.0.9)", "xlrd (>=2.0.1)", "xlsxwriter (>=3.0.3)"]
feather = ["pyarrow (>=7.0.0)"]
fss = ["fsspec (>=2022.05.0)"]
gcp = ["gcsfs (>=2022.05.0)", "pandas-gbq (>=0.17.5)"]
hdf5 = ["tables (>=3.7.0)"]
html = ["beautifulsoup4 (>=4.11.1)", "html5lib (>=1.1)", "lxml (>=4.8.0)"]
mysql = ["SQLAlchemy (>=1.4.36)", "pymysql (>=1.0.2)"]
output-formatting = ["jinja2 (>=3.1.2)", "tabulate (>=0.8.10)"]
parquet = ["pyarrow (>=7.0.0)"]
performance = ["bottleneck (>=1.3.4)", "numba (>=0.55.2)", "numexpr (>=2.8.0)"]
plot = ["matplotlib (>=3.6.1)"]
postgresql = ["SQLAlchemy (>=1.4.36)", "psycopg2 (>=2.9.3)"]
spss = ["pyreadstat (>=1.1.5)"]
sql-other = ["SQLAlchemy (>=1.4.36)"]
test = ["hypothesis (>=6.46.1)", "pytest (>=7.3.2)", "pytest-xdist (>=2.2.0)"]
xml = ["lxml (>=4.8.0)"]

[[package]]
name = "python-dateutil"
version = "2.8.2"
description = "Extensions to the standard Python datetime module"
optional = false
python-versions = "!=3.0.*,!=3.1.*,!=3.2.*,>=2.7"
files = [
    {file = "python-dateutil-2.8.2.tar.gz", hash = "sha256:0123cacc1627ae19ddf3c27a5de5bd67ee4586fbdd6440d9748f8abb483d3e86"},
    {file = "python_dateutil-2.8.2-py2.py3-none-any.whl", hash = "sha256:961d03dc3453ebbc59dbdea9e4e11c5651520a876d0f4db161e8674aae935da9"},
]

[package.dependencies]
six = ">=1.5"

[[package]]
name = "pytz"
version = "2023.3.post1"
description = "World timezone definitions, modern and historical"
optional = false
python-versions = "*"
files = [
    {file = "pytz-2023.3.post1-py2.py3-none-any.whl", hash = "sha256:ce42d816b81b68506614c11e8937d3aa9e41007ceb50bfdcb0749b921bf646c7"},
    {file = "pytz-2023.3.post1.tar.gz", hash = "sha256:7b4fddbeb94a1eba4b557da24f19fdf9db575192544270a9101d8509f9f43d7b"},
]

[[package]]
name = "six"
version = "1.16.0"
description = "Python 2 and 3 compatibility utilities"
optional = false
python-versions = ">=2.7, !=3.0.*, !=3.1.*, !=3.2.*"
files = [
    {file = "six-1.16.0-py2.py3-none-any.whl", hash = "sha256:8abb2f1d86890a2dfb989f9a77cfcfd3e47c2a354b01111771326f8aa26e0254"},
    {file = "six-1.16.0.tar.gz", hash = "sha256:1e61c37477a1626458e36f7b1d82aa5c9b094fa4802892072e49de9c60c4c926"},
]

[[package]]
name = "texttable"
version = "1.7.0"
description = "module to create simple ASCII tables"
optional = false
python-versions = "*"
files = [
    {file = "texttable-1.7.0-py2.py3-none-any.whl", hash = "sha256:72227d592c82b3d7f672731ae73e4d1f88cd8e2ef5b075a7a7f01a23a3743917"},
    {file = "texttable-1.7.0.tar.gz", hash = "sha256:2d2068fb55115807d3ac77a4ca68fa48803e84ebb0ee2340f858107a36522638"},
]

[[package]]
name = "tulip-python"
version = "5.7.2"
description = "Large graphs analysis and drawing"
optional = false
python-versions = "*"
files = [
    {file = "tulip_python-5.7.2-cp310-cp310-macosx_10_14_universal2.whl", hash = "sha256:417ab018d460e5e2ca2abdbe4351fa308550a840d6fca4824c51e1b108a699ff"},
    {file = "tulip_python-5.7.2-cp310-cp310-manylinux_2_17_x86_64.manylinux2014_x86_64.whl", hash = "sha256:86fb541b13ce6b03fecd5f94fe1f14b0b733b96c13aa4c27459f7833e530deae"},
    {file = "tulip_python-5.7.2-cp310-cp310-win_amd64.whl", hash = "sha256:0e7b27e8692a7d661673845400942c6d1e0523d95c5598f1769d404c72a453c4"},
    {file = "tulip_python-5.7.2-cp311-cp311-macosx_10_14_universal2.whl", hash = "sha256:dbc003c8d341eea69204ad3cf59fd9cecdc0b06633025e4d301d3c71d27640e9"},
    {file = "tulip_python-5.7.2-cp311-cp311-manylinux_2_17_x86_64.manylinux2014_x86_64.whl", hash = "sha256:4071b821c9a673f38e231713eff941f8564606e9a9e4d8503627187e11861d7e"},
    {file = "tulip_python-5.7.2-cp311-cp311-win_amd64.whl", hash = "sha256:b32727d6e6d9ce99cf1f15da35a21b58c752eeb731ee9643f8a662f3ef5b9cef"},
    {file = "tulip_python-5.7.2-cp37-cp37m-macosx_10_14_x86_64.whl", hash = "sha256:051df567b24c1e235379c54a3d134ca6c96b7424f9aecf93da907fde906e5a08"},
    {file = "tulip_python-5.7.2-cp37-cp37m-manylinux_2_17_x86_64.manylinux2014_x86_64.whl", hash = "sha256:1cd7683d4295fdc18d7d5976a13b92fb1fd5590309c31b145b0f097e6fb024e2"},
    {file = "tulip_python-5.7.2-cp37-cp37m-win_amd64.whl", hash = "sha256:72261f34cdcbb0663efca1de4c273b77a26edf37904929a6509c7e9c6abd407e"},
    {file = "tulip_python-5.7.2-cp38-cp38-macosx_10_14_x86_64.whl", hash = "sha256:255687b959bb81171f23c5705240541cdf1604bc952e7677df8d2c4bcc94bc01"},
    {file = "tulip_python-5.7.2-cp38-cp38-manylinux_2_17_x86_64.manylinux2014_x86_64.whl", hash = "sha256:c5ac18d5b4662621f3a3151e56755fe19f2609ae3499090d83db2b21082ce008"},
    {file = "tulip_python-5.7.2-cp38-cp38-win_amd64.whl", hash = "sha256:cb48638b87340c6141f77ab46f78ff6fe15e55b7bcd0558551c9481756e3cd54"},
    {file = "tulip_python-5.7.2-cp39-cp39-macosx_10_14_x86_64.whl", hash = "sha256:53d7cc35069ad417724db89a2066a01b4efd23bd99f746382d8e93fffd30726a"},
    {file = "tulip_python-5.7.2-cp39-cp39-manylinux_2_17_x86_64.manylinux2014_x86_64.whl", hash = "sha256:871f5cf7784a274ab47659428c4cfcc0d636993bc2c1e51411b7775992515104"},
    {file = "tulip_python-5.7.2-cp39-cp39-win_amd64.whl", hash = "sha256:cda5ff9c68aba34fd1260fec25e590f03563d31bd36b44fa7260904accd2ad9a"},
]

[[package]]
name = "tzdata"
version = "2023.4"
description = "Provider of IANA time zone data"
optional = false
python-versions = ">=2"
files = [
    {file = "tzdata-2023.4-py2.py3-none-any.whl", hash = "sha256:aa3ace4329eeacda5b7beb7ea08ece826c28d761cda36e747cfbf97996d39bf3"},
    {file = "tzdata-2023.4.tar.gz", hash = "sha256:dd54c94f294765522c77399649b4fefd95522479a664a0cec87f41bebc6148c9"},
]

[metadata]
lock-version = "2.0"
python-versions = "^3.10"
content-hash = "a899438871ade3768ff160e088a751968f0d079fe5bc39e220a35362077a0023"
